<?xml version="1.0" encoding="UTF-8"?>
<Scheme
   LastUpgradeVersion = "1640"
   version = "1.7">
   <BuildAction
      parallelizeBuildables = "YES"
      buildImplicitDependencies = "YES">
      <BuildActionEntries>
         <BuildActionEntry
            buildForTesting = "YES"
            buildForRunning = "YES"
            buildForProfiling = "YES"
            buildForArchiving = "YES"
            buildForAnalyzing = "YES">
            <BuildableReference
               BuildableIdentifier = "primary"
               BlueprintIdentifier = "080EDEF021B6DA7E00813479"
               BuildableName = "EssentialFeed.framework"
               BlueprintName = "EssentialFeed"
               ReferencedContainer = "container:../EssentialFeed/EssentialFeed.xcodeproj">
            </BuildableReference>
         </BuildActionEntry>
      </BuildActionEntries>
   </BuildAction>
   <TestAction
      buildConfiguration = "Debug"
      selectedDebuggerIdentifier = "Xcode.DebuggerFoundation.Debugger.LLDB"
      selectedLauncherIdentifier = "Xcode.DebuggerFoundation.Launcher.LLDB"
      shouldUseLaunchSchemeArgsEnv = "NO"
      codeCoverageEnabled = "YES"
      onlyGenerateCoverageForSpecifiedTargets = "YES">
      <MacroExpansion>
         <BuildableReference
            BuildableIdentifier = "primary"
            BlueprintIdentifier = "080EDEF021B6DA7E00813479"
            BuildableName = "EssentialFeed.framework"
            BlueprintName = "EssentialFeed"
            ReferencedContainer = "container:../EssentialFeed/EssentialFeed.xcodeproj">
         </BuildableReference>
      </MacroExpansion>
      <EnvironmentVariables>
         <EnvironmentVariable
            key = "RECORD_SNAPSHOTS"
            value = "true"
            isEnabled = "YES">
         </EnvironmentVariable>
      </EnvironmentVariables>
      <CodeCoverageTargets>
         <BuildableReference
            BuildableIdentifier = "primary"
            BlueprintIdentifier = "080EDEF021B6DA7E00813479"
            BuildableName = "EssentialFeed.framework"
            BlueprintName = "EssentialFeed"
            ReferencedContainer = "container:../EssentialFeed/EssentialFeed.xcodeproj">
         </BuildableReference>
         <BuildableReference
            BuildableIdentifier = "primary"
            BlueprintIdentifier = "08D9179F22B92A5D003BC31B"
            BuildableName = "EssentialFeediOS.framework"
            BlueprintName = "EssentialFeediOS"
            ReferencedContainer = "container:../EssentialFeed/EssentialFeed.xcodeproj">
         </BuildableReference>
         <BuildableReference
            BuildableIdentifier = "primary"
            BlueprintIdentifier = "0895DA82234B3B950031BB2D"
            BuildableName = "EssentialApp.app"
            BlueprintName = "EssentialApp"
            ReferencedContainer = "container:EssentialApp.xcodeproj">
         </BuildableReference>
      </CodeCoverageTargets>
      <Testables>
         <TestableReference
            skipped = "NO"
            testExecutionOrdering = "random">
            <BuildableReference
               BuildableIdentifier = "primary"
               BlueprintIdentifier = "080EDEF921B6DA7E00813479"
               BuildableName = "EssentialFeedTests.xctest"
               BlueprintName = "EssentialFeedTests"
               ReferencedContainer = "container:../EssentialFeed/EssentialFeed.xcodeproj">
            </BuildableReference>
            <SkippedTests>
               <Test
                  Identifier = "GlobalLogoutEndToEndTests">
               </Test>
               <Test
                  Identifier = "GlobalLogoutEndToEndTests/test_performGlobalLogout_clearsAllStorageResidues()">
               </Test>
               <Test
                  Identifier = "GlobalLogoutEndToEndTests/test_performGlobalLogout_whenAllStoresEmpty_completesWithoutError()">
               </Test>
               <Test
                  Identifier = "GlobalLogoutEndToEndTests/test_performGlobalLogout_whenSomeStoresEmpty_stillClearsOthersWithoutError()">
               </Test>
               <Test
                  Identifier = "KeychainHelperTests">
               </Test>
               <Test
                  Identifier = "KeychainHelperTests/test_deleteData_withUnicodeKey_shouldRemoveData()">
               </Test>
               <Test
                  Identifier = "KeychainHelperTests/test_delete_delegatesToSpy()">
               </Test>
               <Test
                  Identifier = "KeychainHelperTests/test_delete_nonexistentKey_doesNotFail()">
               </Test>
               <Test
                  Identifier = "KeychainHelperTests/test_delete_propagatesErrorFromSpy()">
               </Test>
               <Test
                  Identifier = "KeychainHelperTests/test_delete_removesValue()">
               </Test>
               <Test
                  Identifier = "KeychainHelperTests/test_getData_forNonexistentUnicodeKey_shouldReturnNilOrError()">
               </Test>
               <Test
                  Identifier = "KeychainHelperTests/test_get_delegatesToSpy()">
               </Test>
               <Test
                  Identifier = "KeychainHelperTests/test_get_returnsNilForNonexistentKey()">
               </Test>
               <Test
                  Identifier = "KeychainHelperTests/test_handleUnicodeKeys_correctly()">
               </Test>
               <Test
                  Identifier = "KeychainHelperTests/test_saveData_overwritesPreviousData_withDeleteBeforeAdd()">
               </Test>
               <Test
                  Identifier = "KeychainHelperTests/test_saveData_validatesPostSaveRetrieval()">
               </Test>
               <Test
                  Identifier = "KeychainHelperTests/test_saveData_withUnicodeKey_shouldRetrieveIdenticalData()">
               </Test>
               <Test
                  Identifier = "KeychainHelperTests/test_saveLargeData_shouldRetrieveIdenticalData()">
               </Test>
               <Test
                  Identifier = "KeychainHelperTests/test_save_delegatesToSpy()">
               </Test>
               <Test
                  Identifier = "KeychainHelperTests/test_save_propagatesErrorFromSpy()">
               </Test>
               <Test
                  Identifier = "KeychainHelperTests/test_save_propagatesStringToDataConversionFailedError_fromDependency()">
               </Test>
               <Test
                  Identifier = "KeychainHelperTests/test_save_rejectsEmptyKeys()">
               </Test>
               <Test
                  Identifier = "KeychainHelperTests/test_save_validatesPostSaveRetrieval()">
               </Test>
               <Test
                  Identifier = "KeychainHelperTests/test_setAndGet_returnsSavedValue()">
               </Test>
               <Test
                  Identifier = "KeychainHelperTests/test_set_overwritesPreviousValue()">
               </Test>
               <Test
                  Identifier = "KeychainHelperTests/test_stringOperations_remainCompatibleAfterDataSupport()">
               </Test>
               <Test
                  Identifier = "KeychainManagerIntegrationTests">
               </Test>
               <Test
                  Identifier = "KeychainManagerIntegrationTests/test_delete_nonexistent_key_is_idempotent()">
               </Test>
               <Test
                  Identifier = "KeychainManagerIntegrationTests/test_overwrite_replaces_existing_value()">
               </Test>
               <Test
                  Identifier = "KeychainManagerIntegrationTests/test_save_empty_data_returns_failure()">
               </Test>
               <Test
                  Identifier = "KeychainManagerIntegrationTests/test_save_empty_key_returns_failure()">
               </Test>
               <Test
                  Identifier = "KeychainManagerIntegrationTests/test_save_load_and_delete_flow()">
               </Test>
               <Test
                  Identifier = "KeychainManagerTests">
               </Test>
               <Test
                  Identifier = "KeychainManagerTests/test_delete_whenGenericErrorOccurs_notifiesHandlerWithUnexpectedError()">
               </Test>
               <Test
                  Identifier = "KeychainManagerTests/test_delete_whenWriterSucceeds_doesNotNotifyHandler()">
               </Test>
               <Test
                  Identifier = "KeychainManagerTests/test_delete_whenWriterThrowsError_notifiesHandlerAndRethrowsError()">
               </Test>
               <Test
                  Identifier = "KeychainManagerTests/test_load_whenDecryptionSucceedsAfterFirstFailure_returnsDecryptedData()">
               </Test>
               <Test
                  Identifier = "KeychainManagerTests/test_load_whenMigrationManagerThrowsStringConversionError_propagatesError()">
               </Test>
               <Test
                  Identifier = "KeychainManagerTests/test_load_whenMigrationOccursButEncryptorFailsToEncrypt_failsWithMigrationError()">
               </Test>
               <Test
                  Identifier = "KeychainManagerTests/test_load_whenMigrationSucceeds_returnsOriginalData()">
               </Test>
               <Test
                  Identifier = "KeychainManagerTests/test_load_whenReaderReturnsNil_returnsNilAndDoesNotNotifyHandler()">
               </Test>
               <Test
                  Identifier = "KeychainManagerTests/test_load_whenReaderSucceeds_returnsDataAndDoesNotNotifyHandler()">
               </Test>
               <Test
                  Identifier = "KeychainManagerTests/test_load_whenReaderThrowsError_notifiesHandlerAndRethrowsError()">
               </Test>
               <Test
                  Identifier = "KeychainManagerTests/test_load_whenReaderThrowsGenericError_notifiesHandlerWithUnhandledErrorAndRethrowsGenericError()">
               </Test>
               <Test
                  Identifier = "KeychainManagerTests/test_save_whenEncryptionAndWriteSucceed_doesNotNotifyHandler()">
               </Test>
               <Test
                  Identifier = "KeychainManagerTests/test_save_whenEncryptionAndWritingSucceed_completesSuccessfully()">
               </Test>
               <Test
                  Identifier = "KeychainManagerTests/test_save_whenEncryptorFails_notifiesHandlerAndRethrowsError()">
               </Test>
               <Test
                  Identifier = "KeychainManagerTests/test_save_whenGenericErrorOccurs_notifiesHandlerWithUnexpectedError()">
               </Test>
               <Test
                  Identifier = "KeychainManagerTests/test_save_whenWriterFails_notifiesHandlerAndRethrowsError()">
               </Test>
               <Test
                  Identifier = "KeychainSecureStorageTests">
               </Test>
               <Test
                  Identifier = "KeychainSecureStorageTests/test_saveData_fails_whenKeychainReturnsError()">
               </Test>
               <Test
                  Identifier = "KeychainSecureStorageTests/test_saveData_succeeds_whenKeychainSavesSuccessfully()">
               </Test>
               <Test
                  Identifier = "KeychainSecureStorageTests/test_saveData_usesAlternativeStorage_whenKeychainAndFallbackFail()">
               </Test>
               <Test
                  Identifier = "KeychainSecureStorageTests/test_saveData_usesFallback_whenKeychainFails()">
               </Test>
               <Test
                  Identifier = "KeychainTokenStoreIntegrationTests">
               </Test>
               <Test
                  Identifier = "KeychainTokenStoreIntegrationTests/test_deleteTokenBundle_nonexistent_is_idempotent()">
               </Test>
               <Test
                  Identifier = "KeychainTokenStoreIntegrationTests/test_overwrite_tokenBundle_replaces_existing_value()">
               </Test>
               <Test
                  Identifier = "KeychainTokenStoreIntegrationTests/test_save_invalidTokenData_doesNotCrashAndThrows()">
               </Test>
               <Test
                  Identifier = "KeychainTokenStoreIntegrationTests/test_save_load_and_delete_tokenBundle_flow()">
               </Test>
               <Test
                  Identifier = "KeychainTokenStoreTests">
               </Test>
               <Test
                  Identifier = "KeychainTokenStoreTests/test_deleteTokenBundle_removesTokenFromKeychain()">
               </Test>
               <Test
                  Identifier = "KeychainTokenStoreTests/test_deleteTokenBundle_whenNoTokenSaved_completesWithoutError()">
               </Test>
               <Test
                  Identifier = "KeychainTokenStoreTests/test_loadTokenBundle_retrievesSavedTokenFromKeychain()">
               </Test>
               <Test
                  Identifier = "KeychainTokenStoreTests/test_loadTokenBundle_whenKeychainDataIsCorrupt_throwsDecodingError()">
               </Test>
               <Test
                  Identifier = "KeychainTokenStoreTests/test_loadTokenBundle_whenNoTokenSaved_returnsNil()">
               </Test>
               <Test
                  Identifier = "KeychainTokenStoreTests/test_save_storesTokenEncryptedInKeychain()">
               </Test>
               <Test
                  Identifier = "RealSessionManagerTests">
               </Test>
               <Test
                  Identifier = "RealSessionManagerTests/test_isAuthenticated_queriesKeychainWithAuthTokenKey()">
               </Test>
               <Test
                  Identifier = "RealSessionManagerTests/test_isAuthenticated_returnsFalseWhenKeychainHasNoToken()">
               </Test>
               <Test
                  Identifier = "RealSessionManagerTests/test_isAuthenticated_returnsTrueWhenKeychainHasToken()">
               </Test>
               <Test
                  Identifier = "SystemKeychainIntegrationCoverageTests">
               </Test>
               <Test
                  Identifier = "SystemKeychainIntegrationCoverageTests/test_NoFallback_save_alwaysReturnsFalse()">
               </Test>
               <Test
                  Identifier = "SystemKeychainIntegrationCoverageTests/test_closures_full_coverage()">
               </Test>
               <Test
                  Identifier = "SystemKeychainIntegrationCoverageTests/test_delete_returnsFalse_forKeyWithNullCharacters()">
               </Test>
               <Test
                  Identifier = "SystemKeychainIntegrationCoverageTests/test_direct_minimalistic_save_and_load()">
               </Test>
               <Test
                  Identifier = "SystemKeychainIntegrationCoverageTests/test_handleDuplicateItem_covers_all_branches()">
               </Test>
               <Test
                  Identifier = "SystemKeychainIntegrationCoverageTests/test_load_returnsNil_forEmptyKey()">
               </Test>
               <Test
                  Identifier = "SystemKeychainIntegrationCoverageTests/test_load_returnsNil_forNonexistentKey()">
               </Test>
               <Test
                  Identifier = "SystemKeychainIntegrationCoverageTests/test_saveAndLoad_realKeychain_persistsAndRetrievesData()">
               </Test>
               <Test
                  Identifier = "SystemKeychainIntegrationCoverageTests/test_save_fallbacksToUpdate_whenDuplicateItemErrorOccurs()">
               </Test>
               <Test
                  Identifier = "SystemKeychainIntegrationCoverageTests/test_save_overwritesPreviousValue()">
               </Test>
               <Test
                  Identifier = "SystemKeychainIntegrationCoverageTests/test_save_returnsFalse_forEmptyData()">
               </Test>
               <Test
                  Identifier = "SystemKeychainIntegrationCoverageTests/test_save_returnsFalse_forEmptyKey()">
               </Test>
               <Test
                  Identifier = "SystemKeychainIntegrationCoverageTests/test_save_returnsFalse_forKeyWithOnlySpaces()">
               </Test>
               <Test
                  Identifier = "SystemKeychainIntegrationCoverageTests/test_save_returnsFalse_whenAllRetriesFail()">
               </Test>
               <Test
                  Identifier = "SystemKeychainIntegrationCoverageTests/test_save_returnsFalse_whenUpdateFailsAfterDuplicateItem()">
               </Test>
               <Test
                  Identifier = "SystemKeychainIntegrationCoverageTests/test_save_returnsFalse_whenValidationAfterSaveFails()">
               </Test>
               <Test
                  Identifier = "SystemKeychainIntegrationCoverageTests/test_save_returnsFalse_withExtremelyLargeKey()">
               </Test>
               <Test
                  Identifier = "SystemKeychainIntegrationCoverageTests/test_save_returnsFalse_withKeyContainingNullCharacters()">
               </Test>
               <Test
                  Identifier = "SystemKeychainIntegrationCoverageTests/test_update_branch_coverage()">
               </Test>
               <Test
                  Identifier = "SystemKeychainIntegrationTests">
               </Test>
               <Test
                  Identifier = "SystemKeychainIntegrationTests/test_dataPersistsBetweenSaves()">
               </Test>
               <Test
                  Identifier = "SystemKeychainIntegrationTests/test_load_returnsNil_forNonExistentKey()">
               </Test>
               <Test
                  Identifier = "SystemKeychainIntegrationTests/test_save_fails_withEmptyData()">
               </Test>
               <Test
                  Identifier = "SystemKeychainIntegrationTests/test_save_fails_withEmptyKey()">
               </Test>
               <Test
                  Identifier = "SystemKeychainIntegrationTests/test_save_load_delete_withSystemKeychain()">
               </Test>
               <Test
                  Identifier = "SystemKeychainTests">
               </Test>
               <Test
                  Identifier = "SystemKeychainTests/test_NoFallback_alwaysReturnsFailure()">
               </Test>
               <Test
                  Identifier = "SystemKeychainTests/test__delete_onSystemKeychain_returnsTrueOnSuccess()">
               </Test>
               <Test
                  Identifier = "SystemKeychainTests/test__delete_returnsFalseOnEmptyKey()">
               </Test>
               <Test
                  Identifier = "SystemKeychainTests/test__load_returnsNilOnEmptyKey()">
               </Test>
               <Test
                  Identifier = "SystemKeychainTests/test__save_onSystemKeychain_validatesInputAndSavesCorrectly()">
               </Test>
               <Test
                  Identifier = "SystemKeychainTests/test__save_returnsFailureOnEmptyData()">
               </Test>
               <Test
                  Identifier = "SystemKeychainTests/test__save_returnsFailureOnEmptyKey()">
               </Test>
               <Test
                  Identifier = "SystemKeychainTests/test__update_onSystemKeychain_failsWithEmptyKeyOrData()">
               </Test>
               <Test
                  Identifier = "SystemKeychainTests/test_delete_onSystemKeychain_withValidAndInvalidInput()">
               </Test>
               <Test
                  Identifier = "SystemKeychainTests/test_delete_returnsTrue_whenKeyDoesNotExist()">
               </Test>
               <Test
                  Identifier = "SystemKeychainTests/test_factory_handlesLargeData()">
               </Test>
               <Test
                  Identifier = "SystemKeychainTests/test_factory_handlesUnicodeKeys()">
               </Test>
               <Test
                  Identifier = "SystemKeychainTests/test_factory_simulatesCorruption()">
               </Test>
               <Test
                  Identifier = "SystemKeychainTests/test_handleDuplicateItem_returnsDuplicateItem_whenMaxAttemptsReached()">
               </Test>
               <Test
                  Identifier = "SystemKeychainTests/test_init_noFallback_doesNotThrow()">
               </Test>
               <Test
                  Identifier = "SystemKeychainTests/test_init_systemKeychain_doesNotThrow()">
               </Test>
               <Test
                  Identifier = "SystemKeychainTests/test_init_withAndWithoutKeychainParameter_shouldNotCrash()">
               </Test>
               <Test
                  Identifier = "SystemKeychainTests/test_noFallback_load_alwaysReturnsNil()">
               </Test>
               <Test
                  Identifier = "SystemKeychainTests/test_noFallback_save_alwaysReturnsFailure()">
               </Test>
               <Test
                  Identifier = "SystemKeychainTests/test_noFallback_save_and_load_alwaysFail()">
               </Test>
               <Test
                  Identifier = "SystemKeychainTests/test_save_and_delete_withEdgeCaseKeys_andHelpers()">
               </Test>
               <Test
                  Identifier = "SystemKeychainTests/test_save_delegatesToKeychainProtocol_andReturnsSpyResult()">
               </Test>
               <Test
                  Identifier = "SystemKeychainTests/test_save_deletesPreviousValueBeforeSavingNewOne()">
               </Test>
               <Test
                  Identifier = "SystemKeychainTests/test_save_handlesSpecificKeychainErrors()">
               </Test>
               <Test
                  Identifier = "SystemKeychainTests/test_save_isThreadSafe()">
               </Test>
               <Test
                  Identifier = "SystemKeychainTests/test_save_isThreadSafeUnderConcurrentAccess()">
               </Test>
               <Test
                  Identifier = "SystemKeychainTests/test_save_isThreadSafe_underConcurrentAccess()">
               </Test>
               <Test
                  Identifier = "SystemKeychainTests/test_save_onNoFallbackStrategy_alwaysReturnsFailure()">
               </Test>
               <Test
                  Identifier = "SystemKeychainTests/test_save_onNoFallback_alwaysReturnsFailure()">
               </Test>
               <Test
                  Identifier = "SystemKeychainTests/test_save_onSystemKeychain_withDuplicateItem_andUpdateFails_returnsDuplicateItem()">
               </Test>
               <Test
                  Identifier = "SystemKeychainTests/test_save_onSystemKeychain_withInvalidInput_returnsFailure()">
               </Test>
               <Test
                  Identifier = "SystemKeychainTests/test_save_overwritesPreviousValue_forcesUpdatePath()">
               </Test>
               <Test
                  Identifier = "SystemKeychainTests/test_save_returnsDuplicateItem_onKeychainFailure()">
               </Test>
               <Test
                  Identifier = "SystemKeychainTests/test_save_returnsDuplicateItem_whenUpdateFailsAfterDuplicate()">
               </Test>
               <Test
                  Identifier = "SystemKeychainTests/test_save_returnsFailure_forEmptyData()">
               </Test>
               <Test
                  Identifier = "SystemKeychainTests/test_save_returnsFailure_forEmptyKey()">
               </Test>
               <Test
                  Identifier = "SystemKeychainTests/test_save_returnsFailure_forEmptyKeyOrData()">
               </Test>
               <Test
                  Identifier = "SystemKeychainTests/test_save_returnsFailure_ifDeleteFailsBeforeSave()">
               </Test>
               <Test
                  Identifier = "SystemKeychainTests/test_save_returnsFailure_whenHandleDuplicateItemSucceedsButValidationFails()">
               </Test>
               <Test
                  Identifier = "SystemKeychainTests/test_save_returnsFailure_whenValidationAfterSaveFails()">
               </Test>
               <Test
                  Identifier = "SystemKeychainTests/test_save_returnsFailure_whenValidationAfterSaveFails_dueToCorruption()">
               </Test>
               <Test
                  Identifier = "SystemKeychainTests/test_save_returnsSuccess_forVeryLongKey()">
               </Test>
               <Test
                  Identifier = "SystemKeychainTests/test_save_returnsSuccess_whenHandleDuplicateItemSucceedsAndValidationSucceeds()">
               </Test>
               <Test
                  Identifier = "SystemKeychainTests/test_save_supportsLargeBinaryData()">
               </Test>
               <Test
                  Identifier = "SystemKeychainTests/test_save_supportsUnicodeKeys()">
               </Test>
               <Test
                  Identifier = "SystemKeychainTests/test_save_supportsUnicodeKeysAndLargeBinaryData()">
               </Test>
               <Test
                  Identifier = "SystemKeychainTests/test_save_supportsUnicodeKeys_andLargeBinaryData()">
               </Test>
               <Test
                  Identifier = "SystemKeychainTests/test_update_onSystemKeychain_withValidAndInvalidInput()">
               </Test>
               <Test
                  Identifier = "TokenRefreshEndToEndTests">
               </Test>
               <Test
                  Identifier = "TokenRefreshEndToEndTests/test_endToEndMultipleRequests_singleRefresh()">
               </Test>
               <Test
                  Identifier = "TokenRefreshEndToEndTests/test_endToEndTokenRefresh_failure()">
               </Test>
               <Test
                  Identifier = "TokenRefreshEndToEndTests/test_endToEndTokenRefresh_success()">
               </Test>
            </SkippedTests>
            <LocationScenarioReference
               identifier = "com.apple.dt.IDEFoundation.CurrentLocationScenarioIdentifier"
               referenceType = "1">
            </LocationScenarioReference>
         </TestableReference>
         <TestableReference
            skipped = "NO"
            testExecutionOrdering = "random">
            <BuildableReference
               BuildableIdentifier = "primary"
               BlueprintIdentifier = "0899395B220359C50031B03D"
               BuildableName = "EssentialFeedAPIEndToEndTests.xctest"
               BlueprintName = "EssentialFeedAPIEndToEndTests"
               ReferencedContainer = "container:../EssentialFeed/EssentialFeed.xcodeproj">
            </BuildableReference>
         </TestableReference>
         <TestableReference
            skipped = "NO"
            testExecutionOrdering = "random">
            <BuildableReference
               BuildableIdentifier = "primary"
               BlueprintIdentifier = "0832C67C22A0223A00E1C5E9"
               BuildableName = "EssentialFeedCacheIntegrationTests.xctest"
               BlueprintName = "EssentialFeedCacheIntegrationTests"
               ReferencedContainer = "container:../EssentialFeed/EssentialFeed.xcodeproj">
            </BuildableReference>
         </TestableReference>
         <TestableReference
            skipped = "NO"
            testExecutionOrdering = "random">
            <BuildableReference
               BuildableIdentifier = "primary"
               BlueprintIdentifier = "08D917A722B92A5D003BC31B"
               BuildableName = "EssentialFeediOSTests.xctest"
               BlueprintName = "EssentialFeediOSTests"
               ReferencedContainer = "container:../EssentialFeed/EssentialFeed.xcodeproj">
            </BuildableReference>
         </TestableReference>
         <TestableReference
            skipped = "NO"
            testExecutionOrdering = "random">
            <BuildableReference
               BuildableIdentifier = "primary"
               BlueprintIdentifier = "0895DA98234B3B980031BB2D"
               BuildableName = "EssentialAppTests.xctest"
               BlueprintName = "EssentialAppTests"
               ReferencedContainer = "container:EssentialApp.xcodeproj">
            </BuildableReference>
         </TestableReference>
      </Testables>
   </TestAction>
   <LaunchAction
      buildConfiguration = "Debug"
      selectedDebuggerIdentifier = "Xcode.DebuggerFoundation.Debugger.LLDB"
      selectedLauncherIdentifier = "Xcode.DebuggerFoundation.Launcher.LLDB"
      launchStyle = "0"
      useCustomWorkingDirectory = "NO"
      ignoresPersistentStateOnLaunch = "NO"
      debugDocumentVersioning = "YES"
      debugServiceExtension = "internal"
      allowLocationSimulation = "YES">
      <MacroExpansion>
         <BuildableReference
            BuildableIdentifier = "primary"
            BlueprintIdentifier = "080EDEF021B6DA7E00813479"
            BuildableName = "EssentialFeed.framework"
            BlueprintName = "EssentialFeed"
            ReferencedContainer = "container:../EssentialFeed/EssentialFeed.xcodeproj">
         </BuildableReference>
      </MacroExpansion>
   </LaunchAction>
   <ProfileAction
      buildConfiguration = "Release"
      shouldUseLaunchSchemeArgsEnv = "YES"
      savedToolIdentifier = ""
      useCustomWorkingDirectory = "NO"
      debugDocumentVersioning = "YES">
      <MacroExpansion>
         <BuildableReference
            BuildableIdentifier = "primary"
            BlueprintIdentifier = "080EDEF021B6DA7E00813479"
            BuildableName = "EssentialFeed.framework"
            BlueprintName = "EssentialFeed"
            ReferencedContainer = "container:../EssentialFeed/EssentialFeed.xcodeproj">
         </BuildableReference>
      </MacroExpansion>
   </ProfileAction>
   <AnalyzeAction
      buildConfiguration = "Debug">
   </AnalyzeAction>
   <ArchiveAction
      buildConfiguration = "Release"
      revealArchiveInOrganizer = "YES">
   </ArchiveAction>
</Scheme>
